version = 1
revision = 1
requires-python = ">=3.13"

[[package]]
name = "maturin"
version = "1.8.3"
source = { registry = "https://pypi.org/simple" }
sdist = { url = "https://files.pythonhosted.org/packages/30/0b/3fd746cf5cfa3c8d7e20ea08c0dbc2c2c765ae051d0fc43d808a38bc9548/maturin-1.8.3.tar.gz", hash = "sha256:304762f86fd53a8031b1bf006d12572a2aa0a5235485031113195cc0152e1e12", size = 199656 }
wheels = [
    { url = "https://files.pythonhosted.org/packages/78/80/08579d0184ba743345bbd350a3b6419510ff8a4f6e9e671f713160d41fbb/maturin-1.8.3-py3-none-linux_armv6l.whl", hash = "sha256:fa27466b627150123729b2e611f9f9cfade84d24385d72c6877f78c30de30e89", size = 7758366 },
    { url = "https://files.pythonhosted.org/packages/87/1c/00755d28ae277daa828e183c3d118e2923e8b8f0cba4ff708b15d274ac0e/maturin-1.8.3-py3-none-macosx_10_12_x86_64.macosx_11_0_arm64.macosx_10_12_universal2.whl", hash = "sha256:583404d20d7f1d9c8f3c18dcab9014faacabbed6be02da80062c06cd0e279554", size = 15201378 },
    { url = "https://files.pythonhosted.org/packages/58/9f/b8738dc55ba3eb149ad2686d3f9b3c24e44b7baff46cc6baa85e5dc8cf5e/maturin-1.8.3-py3-none-macosx_10_12_x86_64.whl", hash = "sha256:f9ffdac53dfe0089cf19b597410bc552eb34c856ddb41482b243a695e8b549d3", size = 7934215 },
    { url = "https://files.pythonhosted.org/packages/18/68/300f1a279486d6f63b624a76b81f0fba82545d027127c1ca4d5ded0d1b43/maturin-1.8.3-py3-none-manylinux_2_12_i686.manylinux2010_i686.musllinux_1_1_i686.whl", hash = "sha256:7949a4a17637341f84e88f4cbf0c155998780bbb7a145ed735725b907881c0ae", size = 7791270 },
    { url = "https://files.pythonhosted.org/packages/2e/6d/bf1b8bb9a8b1d9adad242b4089794be318446142975762d04f04ffabae40/maturin-1.8.3-py3-none-manylinux_2_12_x86_64.manylinux2010_x86_64.musllinux_1_1_x86_64.whl", hash = "sha256:11564fac7486313b7baf3aa4e82c20e1b20364aad3fde2ccbc4c07693c0b7e16", size = 8282824 },
    { url = "https://files.pythonhosted.org/packages/18/e9/c601de8699e546774d3f9e761eab374988f88e4ed7006afbb5ff61bb41c0/maturin-1.8.3-py3-none-manylinux_2_17_aarch64.manylinux2014_aarch64.musllinux_1_1_aarch64.whl", hash = "sha256:8555d8701cdba6c19c4705a22ce4d2a1814efd792f55dc5873262ff903317540", size = 7595855 },
    { url = "https://files.pythonhosted.org/packages/34/b8/82ae650e6b589289f4219a480f2b220bcf3d9391ae9ea02cc7a58ef59cfc/maturin-1.8.3-py3-none-manylinux_2_17_armv7l.manylinux2014_armv7l.musllinux_1_1_armv7l.whl", hash = "sha256:5b2a513468c1c9b4d1728d4b6d3d044b7c183985ef819c9ef15e373b70d99c7d", size = 7634888 },
    { url = "https://files.pythonhosted.org/packages/ac/4a/4f898a66cf4697267c447a6f240b6cbcc2dcacd3cab89735bfbd44810be1/maturin-1.8.3-py3-none-manylinux_2_17_ppc64le.manylinux2014_ppc64le.musllinux_1_1_ppc64le.whl", hash = "sha256:2fe8fdff420cfccde127bbc3d8e40835163dcebb6d28c49fffd9aaf1e6ec1090", size = 9810616 },
    { url = "https://files.pythonhosted.org/packages/31/bd/21b0d471e6ade0801f27c33672bca4d563eb1d1e624e534f3bef8a01b1ac/maturin-1.8.3-py3-none-manylinux_2_17_s390x.manylinux2014_s390x.whl", hash = "sha256:22cd8b6dc490fee99a62590f914f0c04ddad1dd6dbd5c7e933b3f882b1bd78c2", size = 10923701 },
    { url = "https://files.pythonhosted.org/packages/6c/07/85c32f03ed757c0626e2fc5a9d6454988228be96a756991702a2a757691b/maturin-1.8.3-py3-none-win32.whl", hash = "sha256:2427924546c9d1079b1c0c6c5c1d380e1b8187baba4e6342cca81597a0f3d697", size = 7016502 },
    { url = "https://files.pythonhosted.org/packages/d5/62/f92a130a370dd7aca13c316844b82853647f048cfe1594a81f628ab7101f/maturin-1.8.3-py3-none-win_amd64.whl", hash = "sha256:85f2b882d8235c1c1cb0a38d382ccd5b3ba0674d99cb548d49df9342cc688e36", size = 7953286 },
    { url = "https://files.pythonhosted.org/packages/04/95/8379140838cd95472de843e982d0bf674e8dbf25a899c44e2f76b15704d9/maturin-1.8.3-py3-none-win_arm64.whl", hash = "sha256:33939aabf9a06a8a14ca6c399d32616c7e574fcca8d4ff6dcd984441051f32fb", size = 6687772 },
]

[package.optional-dependencies]
zig = [
    { name = "ziglang" },
]

[[package]]
name = "patchelf"
version = "0.17.2.2"
source = { registry = "https://pypi.org/simple" }
sdist = { url = "https://files.pythonhosted.org/packages/0d/41/dc3ee5838db2d90be935adb53ae7745135d9c719d070b1989b246f983c7f/patchelf-0.17.2.2.tar.gz", hash = "sha256:080b2ac3074fd4ab257700088e82470425e56609aa0dd07abe548f04b7b3b007", size = 149517 }
wheels = [
    { url = "https://files.pythonhosted.org/packages/8d/15/25b5d10d971f509fe6bc8951b855f0f05be4c24e0dd1616c14a6e1a9116a/patchelf-0.17.2.2-py3-none-manylinux1_i686.manylinux_2_5_i686.musllinux_1_1_i686.whl", hash = "sha256:3b8a4d7cccac04d8231dec321245611bf147b199cbf4da305d1a364ff689fb58", size = 524182 },
    { url = "https://files.pythonhosted.org/packages/f2/f9/e070956e350ccdfdf059251836f757ad91ac0c01b0ba3e033ea7188d8d42/patchelf-0.17.2.2-py3-none-manylinux1_x86_64.manylinux_2_5_x86_64.musllinux_1_1_x86_64.whl", hash = "sha256:e334ebb1c5aa9fc740fd95ebe449271899fe1e45a3eb0941300b304f7e3d1299", size = 466519 },
    { url = "https://files.pythonhosted.org/packages/56/0d/dc3ac6c6e9e9d0d3e40bee1abe95a07034f83627319e60a7dc9abdbfafee/patchelf-0.17.2.2-py3-none-manylinux2014_aarch64.manylinux_2_17_aarch64.musllinux_1_1_aarch64.whl", hash = "sha256:3d32cd69442a229724f7f071b61cef1f87ccd80cf755af0b1ecefd553fa9ae3f", size = 462123 },
    { url = "https://files.pythonhosted.org/packages/1e/f6/b842b19c2b72df1c524ab3793c3ec9cf3926c7c841e0b64b34f95d7fb806/patchelf-0.17.2.2-py3-none-manylinux2014_armv7l.manylinux_2_17_armv7l.musllinux_1_1_armv7l.whl", hash = "sha256:05f6bbdbe484439cb025e20c60abd37e432e6798dfa3f39a072e6b7499072a8c", size = 412347 },
    { url = "https://files.pythonhosted.org/packages/a8/0b/33eb3087703d903dd01cf6b0d64e067bf3718a5e8b1239bc6fc2c4b1fdb2/patchelf-0.17.2.2-py3-none-manylinux2014_ppc64le.manylinux_2_17_ppc64le.musllinux_1_1_ppc64le.whl", hash = "sha256:b54e79ceb444ec6a536a5dc2e8fc9c771ec6a1fa7d5f4dbb3dc0e5b8e5ff82e1", size = 522827 },
    { url = "https://files.pythonhosted.org/packages/4f/25/6379dc26714b5a40f51b3c7927d668b00a51517e857da7f3cb09d1d0bcb6/patchelf-0.17.2.2-py3-none-manylinux2014_s390x.manylinux_2_17_s390x.musllinux_1_1_s390x.whl", hash = "sha256:24374cdbd9a072230339024fb6922577cb3231396640610b069f678bc483f21e", size = 565961 },
]

[[package]]
name = "pip"
version = "25.0.1"
source = { registry = "https://pypi.org/simple" }
sdist = { url = "https://files.pythonhosted.org/packages/70/53/b309b4a497b09655cb7e07088966881a57d082f48ac3cb54ea729fd2c6cf/pip-25.0.1.tar.gz", hash = "sha256:88f96547ea48b940a3a385494e181e29fb8637898f88d88737c5049780f196ea", size = 1950850 }
wheels = [
    { url = "https://files.pythonhosted.org/packages/c9/bc/b7db44f5f39f9d0494071bddae6880eb645970366d0a200022a1a93d57f5/pip-25.0.1-py3-none-any.whl", hash = "sha256:c46efd13b6aa8279f33f2864459c8ce587ea6a1a59ee20de055868d8f7688f7f", size = 1841526 },
]

[[package]]
name = "uv"
version = "0.6.14"
source = { registry = "https://pypi.org/simple" }
sdist = { url = "https://files.pythonhosted.org/packages/e5/eb/07bc000a3c05372448b63c45da98630c532ec4e059d848488c3e774d017a/uv-0.6.14.tar.gz", hash = "sha256:a117466f307d164a74444949cc94ec4328ec880fb489cbaa7df324dab14c5c98", size = 3134567 }
wheels = [
    { url = "https://files.pythonhosted.org/packages/6b/bf/3e87dec7728b249458967f39a301376cb776e559c90261c1dac963686dc3/uv-0.6.14-py3-none-linux_armv6l.whl", hash = "sha256:c775e5d7a80ff43cb88856bbdcd838918d5ac3dc362414317e6bbaeb615fff98", size = 16228143 },
    { url = "https://files.pythonhosted.org/packages/24/b2/111e1ea40453d93c849f36a67397b51d9b458e6e598c3629ffe76d11b490/uv-0.6.14-py3-none-macosx_10_12_x86_64.whl", hash = "sha256:2578f6f8cdbcc036ffad1043f9f66ade3ac0babf29def6abd9eefd4a7c6621cb", size = 16273279 },
    { url = "https://files.pythonhosted.org/packages/72/89/e7fc8a047f08234cc26d1e37e5f573887744205d087f8e8e6f3d0feb04ce/uv-0.6.14-py3-none-macosx_11_0_arm64.whl", hash = "sha256:9fc8fe58871b4fe02a863b05b8b1b25ef1b6c60d4d224e85338f5c2be0ab4f0e", size = 15115451 },
    { url = "https://files.pythonhosted.org/packages/20/1e/72ac3d1e0805d3b49b0a4de46483489ea1989827440f42b0cfb444cdc67f/uv-0.6.14-py3-none-manylinux_2_17_aarch64.manylinux2014_aarch64.musllinux_1_1_aarch64.whl", hash = "sha256:2fb2cd7f6aae21b81474b0051d30e7ed939a9a71714948c47f58b0e7acdd2a80", size = 15540456 },
    { url = "https://files.pythonhosted.org/packages/fd/47/5aeb7fb80c673bc28ccf3ab99e376b1cd92eac41af6b9b48c0e38b114c54/uv-0.6.14-py3-none-manylinux_2_17_armv7l.manylinux2014_armv7l.whl", hash = "sha256:d6ca3f99c1a6c1c430ae8f451133fb4e8c3a22f661c257425402a5d9430bb797", size = 15979820 },
    { url = "https://files.pythonhosted.org/packages/1f/44/c3ad856473f2ef5f22c865a73a0a37ee82d11fcca78ae82f5ac895a7023a/uv-0.6.14-py3-none-manylinux_2_17_i686.manylinux2014_i686.whl", hash = "sha256:ed41877b679e0a1af9ab65427d829b87a81b499017e59c70756d4ba02ca43fcb", size = 16650494 },
    { url = "https://files.pythonhosted.org/packages/7a/f6/8a1245530c282d470909db78cf56831693c58b90d9b819e35aa2d85fbbe8/uv-0.6.14-py3-none-manylinux_2_17_ppc64.manylinux2014_ppc64.whl", hash = "sha256:fe9b4361b1c8055301b715fdd94d94eb512053dc4545fec40d3fe3657f655987", size = 17505028 },
    { url = "https://files.pythonhosted.org/packages/a5/70/0806268440651e2ad1b3542af42b800e20bb7e43050a9ca78f3d1eb4c660/uv-0.6.14-py3-none-manylinux_2_17_ppc64le.manylinux2014_ppc64le.whl", hash = "sha256:998b67bb1cebbe044fc2c5cb251c29cffc56f62a6d55719d6f4e960461d6edad", size = 17245854 },
    { url = "https://files.pythonhosted.org/packages/2a/3a/0da9780868626466d8c4977fb02d1b0daa80e6f7504d7b662cae3fb4af3d/uv-0.6.14-py3-none-manylinux_2_17_s390x.manylinux2014_s390x.whl", hash = "sha256:6d433925db6e2ef46047b68962d136ff2ef17a7b5609168615f19e60674232c9", size = 21584756 },
    { url = "https://files.pythonhosted.org/packages/eb/fd/21a82b78173be1a2ea20f4f55154e7252bd80d21ed60b9bbbc0e2047b8d0/uv-0.6.14-py3-none-manylinux_2_17_x86_64.manylinux2014_x86_64.whl", hash = "sha256:36aaeb00a70a10f748e16c7a1fc410862e2ba905806e7e9dfbc3e64596309404", size = 16878847 },
    { url = "https://files.pythonhosted.org/packages/6c/9a/7c84650ae9fb801ecc848d49dcba201243989d9234fe3ec4a4e935ff21c0/uv-0.6.14-py3-none-manylinux_2_28_aarch64.whl", hash = "sha256:11779beb3bd1f92814bc8d8cd350d5228e8f9198cca2f52138b53030a4061d93", size = 15810089 },
    { url = "https://files.pythonhosted.org/packages/0b/b3/efcbd3a2d298801109b24feee655bb80fe4178aa6bf68e49664c48b342b2/uv-0.6.14-py3-none-musllinux_1_1_armv7l.whl", hash = "sha256:bf1ec103cf9a0850f03935dc6a93cacc680fa2c90c3b41cfc10da311afab8f5b", size = 15962056 },
    { url = "https://files.pythonhosted.org/packages/3f/53/c92c894cb34e9578c2e6dc195bcd4eb0a140dd57c96a60207d847521a902/uv-0.6.14-py3-none-musllinux_1_1_i686.whl", hash = "sha256:955e36c98a438a249e178988d4f13b1bb831eb57264d73c459f171b5afd7b023", size = 16255226 },
    { url = "https://files.pythonhosted.org/packages/df/eb/38bc37856691d53008bf094d03d9e7ab0c2927523a3901c83e152e7c9915/uv-0.6.14-py3-none-musllinux_1_1_x86_64.whl", hash = "sha256:2d534e7dc1299c8b53eb7b4c7575e4f0933673ea8b1275d3f3022f5670e311db", size = 17005225 },
    { url = "https://files.pythonhosted.org/packages/d8/fe/087d5193603e16bc5f67556d94cf8fa8634785c5863cccdec825f14e9a4c/uv-0.6.14-py3-none-win32.whl", hash = "sha256:7cdf3c8d927b07d4eaffc44809eb57523d449705f10dabbdd6f34f7bdfc7d5fe", size = 16131231 },
    { url = "https://files.pythonhosted.org/packages/40/17/33c5c1503c35c874932d4a21ec10a55051e3695dba12b7de700bcfad0cca/uv-0.6.14-py3-none-win_amd64.whl", hash = "sha256:012f46bef6909209c4a6749e4019eb755ba762d37d7ceaaf76da9cb4b7f771e9", size = 17628508 },
    { url = "https://files.pythonhosted.org/packages/77/09/163062d439ddc0d89e527ae0e631abf1f7781b183442d8823c48af368f5d/uv-0.6.14-py3-none-win_arm64.whl", hash = "sha256:7465081b4d0b213d0055ccb48de7fe546b5cf0853c6d3601115760760634f6d8", size = 16387232 },
]

[[package]]
name = "uvenv"
source = { editable = "." }
dependencies = [
    { name = "patchelf", marker = "sys_platform == 'linux'" },
    { name = "pip" },
    { name = "uv" },
]

[package.optional-dependencies]
dev = [
    { name = "maturin", extra = ["zig"] },
]

[package.metadata]
requires-dist = [
    { name = "maturin", extras = ["zig"], marker = "extra == 'dev'" },
    { name = "patchelf", marker = "sys_platform == 'linux'" },
    { name = "pip" },
    { name = "uv", specifier = "==0.6.14" },
]
provides-extras = ["dev"]

[[package]]
name = "ziglang"
version = "0.12.1"
source = { registry = "https://pypi.org/simple" }
wheels = [
    { url = "https://files.pythonhosted.org/packages/6e/cf/755ab2dae976e87ec85dc49684786dd156c441a87b2002f2d3d253889775/ziglang-0.12.1-py3-none-macosx_12_0_arm64.whl", hash = "sha256:e166297bc3fa4e8f7e4f8ca4fdd3e20fc6821a27fd3b6ca04268654a5003a8ba", size = 78664906 },
    { url = "https://files.pythonhosted.org/packages/c4/8a/5b168d21f2e83c83bc6c712d68cd11d1affdc50a185416a6810e90f3e1dc/ziglang-0.12.1-py3-none-macosx_12_0_x86_64.whl", hash = "sha256:5164d25349441c890b8cf928317a533e3338e3603285c394001ea12ba6af7687", size = 81221242 },
    { url = "https://files.pythonhosted.org/packages/5e/63/8e64f3a525a9e48dbd4ae430fe44846b64e8b897216b8884673c3bcc0353/ziglang-0.12.1-py3-none-manylinux_2_12_i686.manylinux2010_i686.musllinux_1_1_i686.whl", hash = "sha256:66fbb91889d7cfca5a9e3820e07cbbaa6ffbeadb1402b2db3cd7702b5fe43372", size = 85688857 },
    { url = "https://files.pythonhosted.org/packages/ba/13/9f4f45a6e6467fdc7e952043fc3e1449d185bcc3d4095b4b01d45241c0f9/ziglang-0.12.1-py3-none-manylinux_2_12_x86_64.manylinux2010_x86_64.musllinux_1_1_x86_64.whl", hash = "sha256:dcde948140b9e5776c2295b9b808fb4950df7ecadaecb54623dd701502be2017", size = 78197715 },
    { url = "https://files.pythonhosted.org/packages/8e/f7/f29b79b60dfe53d0c541c12211cfb74c9e4064b93c4ca9788ca18fc39b66/ziglang-0.12.1-py3-none-manylinux_2_17_aarch64.manylinux2014_aarch64.musllinux_1_1_aarch64.whl", hash = "sha256:945ea8ac157373e8437b377f7eac39f16fe63cd21b2b27fb4e518466e1cd561d", size = 75570292 },
    { url = "https://files.pythonhosted.org/packages/33/ff/870ec09ced4953e9c64131d5e1a16d4f086768f6033e6916594ee0b94bbc/ziglang-0.12.1-py3-none-manylinux_2_17_armv7l.manylinux2014_armv7l.musllinux_1_1_armv7l.whl", hash = "sha256:011717479951d820e9a0fe0b61b9132560f4094861fca54d66595b66f8aee23a", size = 76388277 },
    { url = "https://files.pythonhosted.org/packages/f8/38/41530e821a92856cc7b247caa5d209356416a5e417d1c314c18baa7b6f8e/ziglang-0.12.1-py3-none-win32.whl", hash = "sha256:0489dfbc6186f528fd7a18c713d13303bcc62f0a281e469599ba5645ecbf4ac0", size = 82343902 },
    { url = "https://files.pythonhosted.org/packages/9d/63/00558cded5202f5648a8bf13da4857060d0d231080b4ea34fdb25406b7b9/ziglang-0.12.1-py3-none-win_amd64.whl", hash = "sha256:c5344e28e9ce4a48949f140c2bb6457e10107dfed27da8af7611f7640bc50177", size = 77654574 },
]
